{
  "name": "video",
  "lockfileVersion": 3,
  "requires": true,
  "packages": {
    "": {
      "dependencies": {
        "@remotion/captions": "^4.0.459",
        "@remotion/google-fonts": "^4.0.459",
        "@remotion/media": "^4.0.459",
        "@remotion/transitions": "^4.0.459",
        "mediabunny": "^1.44.2"
      }
    },
    "node_modules/@remotion/captions": {
      "version": "4.0.459",
      "resolved": "https://registry.npmjs.org/@remotion/captions/-/captions-4.0.459.tgz",
      "integrity": "sha512-WxkQVaD+NWPkwIJ5Yo8qkCQTb/QKyLmC1bsPxwGTSJ5zwkSn2cihvTbHuBPyjRsCKUYBNuwzZwexWo/QNAUUFw==",
      "license": "MIT"
    },
    "node_modules/@remotion/google-fonts": {
      "version": "4.0.459",
      "resolved": "https://registry.npmjs.org/@remotion/google-fonts/-/google-fonts-4.0.459.tgz",
      "integrity": "sha512-nMrk/bxvS5sEOouIjj9xkIcJWdGyOnDoQXooruAaSAQYQpDYx6LQ7uYf3Q14ylUvBy9B+CcigDEKee+COQGukA==",
      "license": "SEE LICENSE IN LICENSE.md",
      "dependencies": {
        "remotion": "4.0.459"
      }
    },
    "node_modules/@remotion/google-fonts/node_modules/remotion": {
      "version": "4.0.459",
      "resolved": "https://registry.npmjs.org/remotion/-/remotion-4.0.459.tgz",
      "integrity": "sha512-IRhfFepGJ/TPmN07rF2yS2YpFfHK61yKUKa2T35HwGvaYn4MVyOvl28YTByR4wqRfqB4R6Zn2aCYNJBfA8B4zA==",
      "license": "SEE LICENSE IN LICENSE.md",
      "peerDependencies": {
        "react": ">=16.8.0",
        "react-dom": ">=16.8.0"
      }
    },
    "node_modules/@remotion/media": {
      "version": "4.0.459",
      "resolved": "https://registry.npmjs.org/@remotion/media/-/media-4.0.459.tgz",
      "integrity": "sha512-lz1borl/dI/2IA7ULYrpdd/C8BfPmdjBmALPRn5wD2eON1dRtEmftKbMUU9Wubi30c8IdwotnuXP3ocZig5aaw==",
      "dependencies": {
        "mediabunny": "1.42.0",
        "remotion": "4.0.459",
        "zod": "4.3.6"
      },
      "peerDependencies": {
        "react": ">=16.8.0",
        "react-dom": ">=16.8.0"
      }
    },
    "node_modules/@remotion/media/node_modules/mediabunny": {
      "version": "1.42.0",
      "resolved": "https://registry.npmjs.org/mediabunny/-/mediabunny-1.42.0.tgz",
      "integrity": "sha512-s9ypTqLi6kbh95gC+YaJlG0PkLvMxu37Q/wO/pFZx0fUCA5Ym5mp+2dWoa83mKQ3Uo18aNlgev5iJ5ESZqWwgQ==",
      "license": "MPL-2.0",
      "workspaces": [
        "packages/*"
      ],
      "dependencies": {
        "@types/dom-mediacapture-transform": "^0.1.11",
        "@types/dom-webcodecs": "0.1.13"
      },
      "funding": {
        "type": "individual",
        "url": "https://github.com/sponsors/Vanilagy"
      }
    },
    "node_modules/@remotion/media/node_modules/remotion": {
      "version": "4.0.459",
      "resolved": "https://registry.npmjs.org/remotion/-/remotion-4.0.459.tgz",
      "integrity": "sha512-IRhfFepGJ/TPmN07rF2yS2YpFfHK61yKUKa2T35HwGvaYn4MVyOvl28YTByR4wqRfqB4R6Zn2aCYNJBfA8B4zA==",
      "license": "SEE LICENSE IN LICENSE.md",
      "peerDependencies": {
        "react": ">=16.8.0",
        "react-dom": ">=16.8.0"
      }
    },
    "node_modules/@remotion/media/node_modules/zod": {
      "version": "4.3.6",
      "resolved": "https://registry.npmjs.org/zod/-/zod-4.3.6.tgz",
      "integrity": "sha512-rftlrkhHZOcjDwkGlnUtZZkvaPHCsDATp4pGpuOOMDaTdDDXF91wuVDJoWoPsKX/3YPQ5fHuF3STjcYyKr+Qhg==",
      "license": "MIT",
      "funding": {
        "url": "https://github.com/sponsors/colinhacks"
      }
    },
    "node_modules/@remotion/paths": {
      "version": "4.0.459",
      "resolved": "https://registry.npmjs.org/@remotion/paths/-/paths-4.0.459.tgz",
      "integrity": "sha512-F88TwvMs7I6y0oOTm5rbVRNPebSWe1rnwk5Z3I1HAYWeSb7UY1xurl0uVfZyqeo78Ii1ewAm3aezFr5UORjD0w==",
      "license": "MIT"
    },
    "node_modules/@remotion/shapes": {
      "version": "4.0.459",
      "resolved": "https://registry.npmjs.org/@remotion/shapes/-/shapes-4.0.459.tgz",
      "integrity": "sha512-0MBK2NvOwisFDWbanKrsTdvSwGzIhR2G0d5euKap1Z4IBx/VOQqX88tKyD6orOpO7Uw+WjCn1L2FouKatA/MIA==",
      "license": "MIT",
      "dependencies": {
        "@remotion/paths": "4.0.459"
      },
      "peerDependencies": {
        "react": ">=16.8.0",
        "react-dom": ">=16.8.0"
      }
    },
    "node_modules/@remotion/transitions": {
      "version": "4.0.459",
      "resolved": "https://registry.npmjs.org/@remotion/transitions/-/transitions-4.0.459.tgz",
      "integrity": "sha512-4tDnnnWyK0IUdRRsPKUzn9U66qJ/q4i2b4gTMr9HNHkMoI9EQL0x98TIQQOhgLXHgUN52abqO0OSye5Bt6zLDQ==",
      "license": "UNLICENSED",
      "dependencies": {
        "@remotion/paths": "4.0.459",
        "@remotion/shapes": "4.0.459",
        "remotion": "4.0.459"
      },
      "peerDependencies": {
        "react": ">=16.8.0",
        "react-dom": ">=16.8.0"
      }
    },
    "node_modules/@remotion/transitions/node_modules/remotion": {
      "version": "4.0.459",
      "resolved": "https://registry.npmjs.org/remotion/-/remotion-4.0.459.tgz",
      "integrity": "sha512-IRhfFepGJ/TPmN07rF2yS2YpFfHK61yKUKa2T35HwGvaYn4MVyOvl28YTByR4wqRfqB4R6Zn2aCYNJBfA8B4zA==",
      "license": "SEE LICENSE IN LICENSE.md",
      "peerDependencies": {
        "react": ">=16.8.0",
        "react-dom": ">=16.8.0"
      }
    },
    "node_modules/@types/dom-mediacapture-transform": {
      "version": "0.1.11",
      "license": "MIT",
      "dependencies": {
        "@types/dom-webcodecs": "*"
      }
    },
    "node_modules/@types/dom-webcodecs": {
      "version": "0.1.13",
      "license": "MIT"
    },
    "node_modules/mediabunny": {
      "version": "1.44.2",
      "resolved": "https://registry.npmjs.org/mediabunny/-/mediabunny-1.44.2.tgz",
      "integrity": "sha512-3ou3LB3ln31TYn/YZnRhRIVqwfgNy85gFvD3j34mEDq59Bc5PiNSV5ECavshm/+F2etC8UsJ/XdOrSoW3rB6lg==",
      "license": "MPL-2.0",
      "workspaces": [
        "packages/*"
      ],
      "dependencies": {
        "@types/dom-mediacapture-transform": "^0.1.11",
        "@types/dom-webcodecs": "0.1.13"
      },
      "funding": {
        "type": "individual",
        "url": "https://github.com/sponsors/Vanilagy"
      }
    },
    "node_modules/react": {
      "version": "19.0.0",
      "license": "MIT",
      "peer": true,
      "engines": {
        "node": ">=0.10.0"
      }
    },
    "node_modules/react-dom": {
      "version": "19.0.0",
      "license": "MIT",
      "peer": true,
      "dependencies": {
        "scheduler": "^0.25.0"
      },
      "peerDependencies": {
        "react": "^19.0.0"
      }
    },
    "node_modules/scheduler": {
      "version": "0.25.0",
      "license": "MIT",
      "peer": true
    }
  }
}
